
Microsoft Visual Studio Solution File, Format Version 12.00
# Visual Studio 2017
Project("{FAE04EC0-301F-11D3-BF4B-00C04F79EFBC}") = "Pong the Completely Original Game", "Pong the Completely Original Game.csproj", "{99C13330-2CBE-7E18-DC3C-1F7FFAD7C191}"
EndProject
Global
	GlobalSection(SolutionConfigurationPlatforms) = preSolution
		Debug|Any CPU = Debug|Any CPU
		Release|Any CPU = Release|Any CPU
	EndGlobalSection
	GlobalSection(ProjectConfigurationPlatforms) = postSolution
		{99C13330-2CBE-7E18-DC3C-1F7FFAD7C191}.Debug|Any CPU.ActiveCfg = Debug|Any CPU
		{99C13330-2CBE-7E18-DC3C-1F7FFAD7C191}.Debug|Any CPU.Build.0 = Debug|Any CPU
		{99C13330-2CBE-7E18-DC3C-1F7FFAD7C191}.Release|Any CPU.ActiveCfg = Release|Any CPU
		{99C13330-2CBE-7E18-DC3C-1F7FFAD7C191}.Release|Any CPU.Build.0 = Release|Any CPU
	EndGlobalSection
	GlobalSection(SolutionProperties) = preSolution
		HideSolutionNode = FALSE
	EndGlobalSection
EndGlobal
