
Microsoft Visual Studio Solution File, Format Version 12.00
# Visual Studio 2017
Project("{FAE04EC0-301F-11D3-BF4B-00C04F79EFBC}") = "Goldberg", "Goldberg.csproj", "{F93D90AE-1460-8A74-8126-03A03FC9BD23}"
EndProject
Global
	GlobalSection(SolutionConfigurationPlatforms) = preSolution
		Debug|Any CPU = Debug|Any CPU
		Release|Any CPU = Release|Any CPU
	EndGlobalSection
	GlobalSection(ProjectConfigurationPlatforms) = postSolution
		{F93D90AE-1460-8A74-8126-03A03FC9BD23}.Debug|Any CPU.ActiveCfg = Debug|Any CPU
		{F93D90AE-1460-8A74-8126-03A03FC9BD23}.Debug|Any CPU.Build.0 = Debug|Any CPU
		{F93D90AE-1460-8A74-8126-03A03FC9BD23}.Release|Any CPU.ActiveCfg = Release|Any CPU
		{F93D90AE-1460-8A74-8126-03A03FC9BD23}.Release|Any CPU.Build.0 = Release|Any CPU
	EndGlobalSection
	GlobalSection(SolutionProperties) = preSolution
		HideSolutionNode = FALSE
	EndGlobalSection
EndGlobal
